
Microsoft Visual Studio Solution File, Format Version 12.00
# Visual Studio Version 16
VisualStudioVersion = 16.0.29709.97
MinimumVisualStudioVersion = 10.0.40219.1
Project("{FAE04EC0-301F-11D3-BF4B-00C04F79EFBC}") = "Bds.Tech.Test", "Bds.Tech.Test\Bds.Tech.Test.csproj", "{C265AF72-98A6-448A-A047-9473801FAC89}"
EndProject
Global
	GlobalSection(SolutionConfigurationPlatforms) = preSolution
		Debug|Any CPU = Debug|Any CPU
		Release|Any CPU = Release|Any CPU
	EndGlobalSection
	GlobalSection(ProjectConfigurationPlatforms) = postSolution
		{C265AF72-98A6-448A-A047-9473801FAC89}.Debug|Any CPU.ActiveCfg = Debug|Any CPU
		{C265AF72-98A6-448A-A047-9473801FAC89}.Debug|Any CPU.Build.0 = Debug|Any CPU
		{C265AF72-98A6-448A-A047-9473801FAC89}.Release|Any CPU.ActiveCfg = Release|Any CPU
		{C265AF72-98A6-448A-A047-9473801FAC89}.Release|Any CPU.Build.0 = Release|Any CPU
	EndGlobalSection
	GlobalSection(SolutionProperties) = preSolution
		HideSolutionNode = FALSE
	EndGlobalSection
	GlobalSection(ExtensibilityGlobals) = postSolution
		SolutionGuid = {8E0BFEFD-AE85-4CAE-8587-910E50AC1E4F}
	EndGlobalSection
EndGlobal
